
Microsoft Visual Studio Solution File, Format Version 12.00
# Visual Studio 15
VisualStudioVersion = 15.0.27004.2009
MinimumVisualStudioVersion = 10.0.40219.1
Project("{FAE04EC0-301F-11D3-BF4B-00C04F79EFBC}") = "EventGridConsole", "EventGrid\EventGridConsole.csproj", "{AC0A0A87-7CA1-44E9-BA1A-46B07C158A84}"
EndProject
Project("{2150E333-8FDC-42A3-9474-1A3956D46DE8}") = "01. Console Send Event", "01. Console Send Event", "{356208FE-55EE-40B8-8DD0-FEE0E97B82BA}"
EndProject
Project("{2150E333-8FDC-42A3-9474-1A3956D46DE8}") = "LogicApp Resources", "LogicApp Resources", "{3C26C3AB-5745-4DD2-84A6-DB42F336DA29}"
	ProjectSection(SolutionItems) = preProject
		LogicAppResources\logicApp.JPG = LogicAppResources\logicApp.JPG
		LogicAppResources\LogicAppResources.json = LogicAppResources\LogicAppResources.json
	EndProjectSection
EndProject
Project("{2150E333-8FDC-42A3-9474-1A3956D46DE8}") = "LogicApp StorageTwitter", "LogicApp StorageTwitter", "{21CAFD98-7BD9-4676-B7D9-ED6A0B2931DF}"
	ProjectSection(SolutionItems) = preProject
		LogicAppStorageTwitter\LogicApp.JPG = LogicAppStorageTwitter\LogicApp.JPG
		LogicAppStorageTwitter\LogicAppStorageTwitter.json = LogicAppStorageTwitter\LogicAppStorageTwitter.json
	EndProjectSection
EndProject
Project("{9A19103F-16F7-4668-BE54-9A1E7A4F7556}") = "StorageEvents", "Functions\StorageEvents.csproj", "{DBC70E6B-B339-4F64-A48B-691B1BA3F914}"
EndProject
Project("{2150E333-8FDC-42A3-9474-1A3956D46DE8}") = "02. Custom Topic", "02. Custom Topic", "{A5213B7E-EC2E-4C6D-8D76-9BABEE7774E9}"
EndProject
Project("{FAE04EC0-301F-11D3-BF4B-00C04F79EFBC}") = "Subscriber", "Subscriber\Subscriber.csproj", "{6A8FAD4C-C65F-4081-968B-1D454335B89D}"
EndProject
Project("{2150E333-8FDC-42A3-9474-1A3956D46DE8}") = "Demo 1", "Demo 1", "{C60C60AE-3D7B-451D-91C7-A01D919A888A}"
EndProject
Project("{2150E333-8FDC-42A3-9474-1A3956D46DE8}") = "Demo 2", "Demo 2", "{FEC58207-81E0-463D-BBB9-5E96B1410A81}"
EndProject
Project("{2150E333-8FDC-42A3-9474-1A3956D46DE8}") = "Demo 3", "Demo 3", "{F5D2AADF-19A8-4E1B-8DE5-EC09D34B6ACC}"
EndProject
Project("{2150E333-8FDC-42A3-9474-1A3956D46DE8}") = "Demo 4", "Demo 4", "{3AC8C0E2-F2AE-4236-AACE-7DB0219B18E8}"
EndProject
Global
	GlobalSection(SolutionConfigurationPlatforms) = preSolution
		Debug|Any CPU = Debug|Any CPU
		Release|Any CPU = Release|Any CPU
	EndGlobalSection
	GlobalSection(ProjectConfigurationPlatforms) = postSolution
		{AC0A0A87-7CA1-44E9-BA1A-46B07C158A84}.Debug|Any CPU.ActiveCfg = Debug|Any CPU
		{AC0A0A87-7CA1-44E9-BA1A-46B07C158A84}.Debug|Any CPU.Build.0 = Debug|Any CPU
		{AC0A0A87-7CA1-44E9-BA1A-46B07C158A84}.Release|Any CPU.ActiveCfg = Release|Any CPU
		{AC0A0A87-7CA1-44E9-BA1A-46B07C158A84}.Release|Any CPU.Build.0 = Release|Any CPU
		{DBC70E6B-B339-4F64-A48B-691B1BA3F914}.Debug|Any CPU.ActiveCfg = Debug|Any CPU
		{DBC70E6B-B339-4F64-A48B-691B1BA3F914}.Debug|Any CPU.Build.0 = Debug|Any CPU
		{DBC70E6B-B339-4F64-A48B-691B1BA3F914}.Release|Any CPU.ActiveCfg = Release|Any CPU
		{DBC70E6B-B339-4F64-A48B-691B1BA3F914}.Release|Any CPU.Build.0 = Release|Any CPU
		{6A8FAD4C-C65F-4081-968B-1D454335B89D}.Debug|Any CPU.ActiveCfg = Debug|Any CPU
		{6A8FAD4C-C65F-4081-968B-1D454335B89D}.Debug|Any CPU.Build.0 = Debug|Any CPU
		{6A8FAD4C-C65F-4081-968B-1D454335B89D}.Release|Any CPU.ActiveCfg = Release|Any CPU
		{6A8FAD4C-C65F-4081-968B-1D454335B89D}.Release|Any CPU.Build.0 = Release|Any CPU
	EndGlobalSection
	GlobalSection(SolutionProperties) = preSolution
		HideSolutionNode = FALSE
	EndGlobalSection
	GlobalSection(NestedProjects) = preSolution
		{AC0A0A87-7CA1-44E9-BA1A-46B07C158A84} = {356208FE-55EE-40B8-8DD0-FEE0E97B82BA}
		{356208FE-55EE-40B8-8DD0-FEE0E97B82BA} = {3AC8C0E2-F2AE-4236-AACE-7DB0219B18E8}
		{3C26C3AB-5745-4DD2-84A6-DB42F336DA29} = {FEC58207-81E0-463D-BBB9-5E96B1410A81}
		{21CAFD98-7BD9-4676-B7D9-ED6A0B2931DF} = {F5D2AADF-19A8-4E1B-8DE5-EC09D34B6ACC}
		{DBC70E6B-B339-4F64-A48B-691B1BA3F914} = {C60C60AE-3D7B-451D-91C7-A01D919A888A}
		{A5213B7E-EC2E-4C6D-8D76-9BABEE7774E9} = {3AC8C0E2-F2AE-4236-AACE-7DB0219B18E8}
		{6A8FAD4C-C65F-4081-968B-1D454335B89D} = {A5213B7E-EC2E-4C6D-8D76-9BABEE7774E9}
	EndGlobalSection
	GlobalSection(ExtensibilityGlobals) = postSolution
		SolutionGuid = {3D052F33-1733-4673-8B91-9BD22C61439C}
	EndGlobalSection
EndGlobal
